{
  "nodes": {
    "nixpkgs": {
      "locked": {
        "narHash": "sha256-86O8bpXulJinYgW/ub6D4QoCVf8LGkNLb6g548cr3DU=",
        "path": "/nix/store/41bddliw2iggdyx0sjhfw32b6wp7d88a-source",
        "type": "path"
      },
      "original": {
        "id": "nixpkgs",
        "type": "indirect"
      }
    },
    "root": {
      "inputs": {
        "nixpkgs": "nixpkgs"
      }
    }
  },
  "root": "root",
  "version": 7
}
